
Microsoft Visual Studio Solution File, Format Version 12.00
# Visual Studio Version 17
VisualStudioVersion = 17.7.34221.43
MinimumVisualStudioVersion = 10.0.40219.1
Project("{FAE04EC0-301F-11D3-BF4B-00C04F79EFBC}") = "people_dot_org", "people_dot_org.csproj", "{215FA6DB-EDB8-4564-B66A-3947E8BDF52E}"
EndProject
Global
	GlobalSection(SolutionConfigurationPlatforms) = preSolution
		Debug|Any CPU = Debug|Any CPU
		Release|Any CPU = Release|Any CPU
	EndGlobalSection
	GlobalSection(ProjectConfigurationPlatforms) = postSolution
		{215FA6DB-EDB8-4564-B66A-3947E8BDF52E}.Debug|Any CPU.ActiveCfg = Debug|Any CPU
		{215FA6DB-EDB8-4564-B66A-3947E8BDF52E}.Debug|Any CPU.Build.0 = Debug|Any CPU
		{215FA6DB-EDB8-4564-B66A-3947E8BDF52E}.Release|Any CPU.ActiveCfg = Release|Any CPU
		{215FA6DB-EDB8-4564-B66A-3947E8BDF52E}.Release|Any CPU.Build.0 = Release|Any CPU
	EndGlobalSection
	GlobalSection(SolutionProperties) = preSolution
		HideSolutionNode = FALSE
	EndGlobalSection
	GlobalSection(ExtensibilityGlobals) = postSolution
		SolutionGuid = {5ECEB0DD-EB6F-4218-864A-86FD3AEA5042}
	EndGlobalSection
EndGlobal
